
Microsoft Visual Studio Solution File, Format Version 12.00
# Visual Studio 2012
Project("{FAE04EC0-301F-11D3-BF4B-00C04F79EFBC}") = "SlidingDemo", "SlidingDemo\SlidingDemo.csproj", "{37F6A62A-7688-4C57-8C5E-17FC4F1560EA}"
EndProject
Project("{FAE04EC0-301F-11D3-BF4B-00C04F79EFBC}") = "NKSSlidingUpPanel", "NKSSlidingUpPanel\NKSSlidingUpPanel.csproj", "{08E76D19-40B9-4138-B99F-424AF09E2432}"
EndProject
Project("{FAE04EC0-301F-11D3-BF4B-00C04F79EFBC}") = "MvxNKSSlidingUpPanel", "MvxNKSSlidingUpPanel\MvxNKSSlidingUpPanel.csproj", "{49E5E1EB-0092-422A-921F-171B204D71CB}"
EndProject
Global
	GlobalSection(SolutionConfigurationPlatforms) = preSolution
		Debug|iPhoneSimulator = Debug|iPhoneSimulator
		Release|iPhone = Release|iPhone
		Release|iPhoneSimulator = Release|iPhoneSimulator
		Debug|iPhone = Debug|iPhone
	EndGlobalSection
	GlobalSection(ProjectConfigurationPlatforms) = postSolution
		{37F6A62A-7688-4C57-8C5E-17FC4F1560EA}.Debug|iPhoneSimulator.ActiveCfg = Debug|iPhoneSimulator
		{37F6A62A-7688-4C57-8C5E-17FC4F1560EA}.Debug|iPhoneSimulator.Build.0 = Debug|iPhoneSimulator
		{37F6A62A-7688-4C57-8C5E-17FC4F1560EA}.Release|iPhone.ActiveCfg = Release|iPhone
		{37F6A62A-7688-4C57-8C5E-17FC4F1560EA}.Release|iPhone.Build.0 = Release|iPhone
		{37F6A62A-7688-4C57-8C5E-17FC4F1560EA}.Release|iPhoneSimulator.ActiveCfg = Release|iPhoneSimulator
		{37F6A62A-7688-4C57-8C5E-17FC4F1560EA}.Release|iPhoneSimulator.Build.0 = Release|iPhoneSimulator
		{37F6A62A-7688-4C57-8C5E-17FC4F1560EA}.Debug|iPhone.ActiveCfg = Debug|iPhone
		{37F6A62A-7688-4C57-8C5E-17FC4F1560EA}.Debug|iPhone.Build.0 = Debug|iPhone
		{08E76D19-40B9-4138-B99F-424AF09E2432}.Debug|iPhoneSimulator.ActiveCfg = Debug|Any CPU
		{08E76D19-40B9-4138-B99F-424AF09E2432}.Debug|iPhoneSimulator.Build.0 = Debug|Any CPU
		{08E76D19-40B9-4138-B99F-424AF09E2432}.Release|iPhone.ActiveCfg = Release|Any CPU
		{08E76D19-40B9-4138-B99F-424AF09E2432}.Release|iPhone.Build.0 = Release|Any CPU
		{08E76D19-40B9-4138-B99F-424AF09E2432}.Release|iPhoneSimulator.ActiveCfg = Release|Any CPU
		{08E76D19-40B9-4138-B99F-424AF09E2432}.Release|iPhoneSimulator.Build.0 = Release|Any CPU
		{08E76D19-40B9-4138-B99F-424AF09E2432}.Debug|iPhone.ActiveCfg = Debug|Any CPU
		{08E76D19-40B9-4138-B99F-424AF09E2432}.Debug|iPhone.Build.0 = Debug|Any CPU
		{49E5E1EB-0092-422A-921F-171B204D71CB}.Debug|iPhoneSimulator.ActiveCfg = Debug|Any CPU
		{49E5E1EB-0092-422A-921F-171B204D71CB}.Debug|iPhoneSimulator.Build.0 = Debug|Any CPU
		{49E5E1EB-0092-422A-921F-171B204D71CB}.Release|iPhone.ActiveCfg = Release|Any CPU
		{49E5E1EB-0092-422A-921F-171B204D71CB}.Release|iPhone.Build.0 = Release|Any CPU
		{49E5E1EB-0092-422A-921F-171B204D71CB}.Release|iPhoneSimulator.ActiveCfg = Release|Any CPU
		{49E5E1EB-0092-422A-921F-171B204D71CB}.Release|iPhoneSimulator.Build.0 = Release|Any CPU
		{49E5E1EB-0092-422A-921F-171B204D71CB}.Debug|iPhone.ActiveCfg = Debug|Any CPU
		{49E5E1EB-0092-422A-921F-171B204D71CB}.Debug|iPhone.Build.0 = Debug|Any CPU
	EndGlobalSection
EndGlobal
